{
  "name": "IVA prime",
  "version": "0.1.0",
  "lockfileVersion": 3,
  "requires": true,
  "packages": {
    "": {
      "name": "IVA prime",
      "version": "0.1.0",
      "devDependencies": {
        "@tauri-apps/cli": "^2"
      }
    },
    "node_modules/@tauri-apps/cli": {
      "version": "2.6.1",
      "resolved": "https://registry.npmjs.org/@tauri-apps/cli/-/cli-2.6.1.tgz",
      "integrity": "sha512-8NrwfZjeyKH1zwg+Xu4epx8WLjffoiW1Zs9CCFYCJns7uUghzudDm92o+8ROosg5Njlvp1GXBuIRsdrEwBsDhg==",
      "dev": true,
      "license": "Apache-2.0 OR MIT",
      "bin": {
        "tauri": "tauri.js"
      },
      "engines": {
        "node": ">= 10"
      },
      "funding": {
        "type": "opencollective",
        "url": "https://opencollective.com/tauri"
      },
      "optionalDependencies": {
        "@tauri-apps/cli-darwin-arm64": "2.6.1",
        "@tauri-apps/cli-darwin-x64": "2.6.1",
        "@tauri-apps/cli-linux-arm-gnueabihf": "2.6.1",
        "@tauri-apps/cli-linux-arm64-gnu": "2.6.1",
        "@tauri-apps/cli-linux-arm64-musl": "2.6.1",
        "@tauri-apps/cli-linux-riscv64-gnu": "2.6.1",
        "@tauri-apps/cli-linux-x64-gnu": "2.6.1",
        "@tauri-apps/cli-linux-x64-musl": "2.6.1",
        "@tauri-apps/cli-win32-arm64-msvc": "2.6.1",
        "@tauri-apps/cli-win32-ia32-msvc": "2.6.1",
        "@tauri-apps/cli-win32-x64-msvc": "2.6.1"
      }
    },
    "node_modules/@tauri-apps/cli-darwin-arm64": {
      "version": "2.6.1",
      "resolved": "https://registry.npmjs.org/@tauri-apps/cli-darwin-arm64/-/cli-darwin-arm64-2.6.1.tgz",
      "integrity": "sha512-67aVLeXcJrl9D+4xQLR8NCQYKXQyZB96Tai+uy53jOY0u+uKvFngjbSS9CmntILFhLWoueDxQj3Ws5OSvjekiA==",
      "cpu": [
        "arm64"
      ],
      "dev": true,
      "license": "Apache-2.0 OR MIT",
      "optional": true,
      "os": [
        "darwin"
      ],
      "engines": {
        "node": ">= 10"
      }
    },
    "node_modules/@tauri-apps/cli-darwin-x64": {
      "version": "2.6.1",
      "resolved": "https://registry.npmjs.org/@tauri-apps/cli-darwin-x64/-/cli-darwin-x64-2.6.1.tgz",
      "integrity": "sha512-6mQp/VikM0pKVKau1p/NMVyGq1JakOFbk6YlCzwdd04OwmiDuVe9PTxzqcA/JnqWXEhSGlRKeyMXUxqifPBPYw==",
      "cpu": [
        "x64"
      ],
      "dev": true,
      "license": "Apache-2.0 OR MIT",
      "optional": true,
      "os": [
        "darwin"
      ],
      "engines": {
        "node": ">= 10"
      }
    },
    "node_modules/@tauri-apps/cli-linux-arm-gnueabihf": {
      "version": "2.6.1",
      "resolved": "https://registry.npmjs.org/@tauri-apps/cli-linux-arm-gnueabihf/-/cli-linux-arm-gnueabihf-2.6.1.tgz",
      "integrity": "sha512-iY9cr2k3h2nh6I0bExEWCOgWloN4q0p/evhfNBIAIly1kycy+xWHEsFj2WfzU31Ce8RkqxilPHNuCp36gDM+Yw==",
      "cpu": [
        "arm"
      ],
      "dev": true,
      "license": "Apache-2.0 OR MIT",
      "optional": true,
      "os": [
        "linux"
      ],
      "engines": {
        "node": ">= 10"
      }
    },
    "node_modules/@tauri-apps/cli-linux-arm64-gnu": {
      "version": "2.6.1",
      "resolved": "https://registry.npmjs.org/@tauri-apps/cli-linux-arm64-gnu/-/cli-linux-arm64-gnu-2.6.1.tgz",
      "integrity": "sha512-AT+SpHShi/uJipzj+A9kHPDUgZfzHYyl0B3/4UXYtHB9hQfQUmjh9wLadmx0ai/ESyJFxkJJK6FFRvxotQ3gIQ==",
      "cpu": [
        "arm64"
      ],
      "dev": true,
      "license": "Apache-2.0 OR MIT",
      "optional": true,
      "os": [
        "linux"
      ],
      "engines": {
        "node": ">= 10"
      }
    },
    "node_modules/@tauri-apps/cli-linux-arm64-musl": {
      "version": "2.6.1",
      "resolved": "https://registry.npmjs.org/@tauri-apps/cli-linux-arm64-musl/-/cli-linux-arm64-musl-2.6.1.tgz",
      "integrity": "sha512-CCgE0uqcWTtU48TmK/J03h5x/hxi3PEc11ci3LQ9WqIE15btyhynNzDKbxKwOyDCMcfbDT+MweoiCPnely2ZRA==",
      "cpu": [
        "arm64"
      ],
      "dev": true,
      "license": "Apache-2.0 OR MIT",
      "optional": true,
      "os": [
        "linux"
      ],
      "engines": {
        "node": ">= 10"
      }
    },
    "node_modules/@tauri-apps/cli-linux-riscv64-gnu": {
      "version": "2.6.1",
      "resolved": "https://registry.npmjs.org/@tauri-apps/cli-linux-riscv64-gnu/-/cli-linux-riscv64-gnu-2.6.1.tgz",
      "integrity": "sha512-2i3MYr2oKaJk7Tz2FZ+R5x8cV827CudvEXW6FzCER26pfx/PofH/55N7aRQf4+qPXi5O3T+3myq88nRerzHr6g==",
      "cpu": [
        "riscv64"
      ],
      "dev": true,
      "license": "Apache-2.0 OR MIT",
      "optional": true,
      "os": [
        "linux"
      ],
      "engines": {
        "node": ">= 10"
      }
    },
    "node_modules/@tauri-apps/cli-linux-x64-gnu": {
      "version": "2.6.1",
      "resolved": "https://registry.npmjs.org/@tauri-apps/cli-linux-x64-gnu/-/cli-linux-x64-gnu-2.6.1.tgz",
      "integrity": "sha512-of5i3FW1tjTXECtMdirQsQnVIzcKq1s5Cad9YLVa6agEnFnZbFU3rKQ6/Wfu5SZbjSiI7SBO1hksjIAq1vkVcg==",
      "cpu": [
        "x64"
      ],
      "dev": true,
      "license": "Apache-2.0 OR MIT",
      "optional": true,
      "os": [
        "linux"
      ],
      "engines": {
        "node": ">= 10"
      }
    },
    "node_modules/@tauri-apps/cli-linux-x64-musl": {
      "version": "2.6.1",
      "resolved": "https://registry.npmjs.org/@tauri-apps/cli-linux-x64-musl/-/cli-linux-x64-musl-2.6.1.tgz",
      "integrity": "sha512-QfAgg7VIlOrTa2X3fBLRp6ugbC5ZonSWgVhNCLDgHLp5Cga41XOi5qU7ZtZhjjCdcWNiE0DtBQmSb1YVhCp+SA==",
      "cpu": [
        "x64"
      ],
      "dev": true,
      "license": "Apache-2.0 OR MIT",
      "optional": true,
      "os": [
        "linux"
      ],
      "engines": {
        "node": ">= 10"
      }
    },
    "node_modules/@tauri-apps/cli-win32-arm64-msvc": {
      "version": "2.6.1",
      "resolved": "https://registry.npmjs.org/@tauri-apps/cli-win32-arm64-msvc/-/cli-win32-arm64-msvc-2.6.1.tgz",
      "integrity": "sha512-ee1h3jwamumGjLEXZA4VsSUcVWTtGpuvxy+nqFfu7wb2k6IcBrFEJGa6yXa7sQjuCAAorLfSIXGuDEJARqnpFw==",
      "cpu": [
        "arm64"
      ],
      "dev": true,
      "license": "Apache-2.0 OR MIT",
      "optional": true,
      "os": [
        "win32"
      ],
      "engines": {
        "node": ">= 10"
      }
    },
    "node_modules/@tauri-apps/cli-win32-ia32-msvc": {
      "version": "2.6.1",
      "resolved": "https://registry.npmjs.org/@tauri-apps/cli-win32-ia32-msvc/-/cli-win32-ia32-msvc-2.6.1.tgz",
      "integrity": "sha512-WEZVYekxuG9X9mFJEeJPHsSAl8sHOEEbJQriim+OziFbLA9pv/gfcRRqsbmEJL8uBC8GLTEOdUVolohwXk6S9g==",
      "cpu": [
        "ia32"
      ],
      "dev": true,
      "license": "Apache-2.0 OR MIT",
      "optional": true,
      "os": [
        "win32"
      ],
      "engines": {
        "node": ">= 10"
      }
    },
    "node_modules/@tauri-apps/cli-win32-x64-msvc": {
      "version": "2.6.1",
      "resolved": "https://registry.npmjs.org/@tauri-apps/cli-win32-x64-msvc/-/cli-win32-x64-msvc-2.6.1.tgz",
      "integrity": "sha512-fBsjPqIIHaaQt7tnjIGmPHu5p/BNBVD4JfOhO3QqIVBzAb+W2bDyIQPdoDMI943soLr/+N10xeTiPu+3L74+dQ==",
      "cpu": [
        "x64"
      ],
      "dev": true,
      "license": "Apache-2.0 OR MIT",
      "optional": true,
      "os": [
        "win32"
      ],
      "engines": {
        "node": ">= 10"
      }
    }
  }
}
